
Microsoft Visual Studio Solution File, Format Version 12.00
# Visual Studio 15
VisualStudioVersion = 15.0.28010.2050
MinimumVisualStudioVersion = 10.0.40219.1
Project("{FAE04EC0-301F-11D3-BF4B-00C04F79EFBC}") = "HC.BuildV4", "HC.BuildV4\HC.BuildV4.csproj", "{73853A29-60F4-4176-A7FE-A89E51567204}"
EndProject
Project("{2150E333-8FDC-42A3-9474-1A3956D46DE8}") = "Solution Items", "Solution Items", "{DB3B0327-8308-4965-B5E2-41E1A27EB97F}"
	ProjectSection(SolutionItems) = preProject
		azure-pipelines.yml = azure-pipelines.yml
	EndProjectSection
EndProject
Project("{FAE04EC0-301F-11D3-BF4B-00C04F79EFBC}") = "HC.BuildV4.Tests", "HC.BuildV4.Tests\HC.BuildV4.Tests.csproj", "{F64D3B95-BD48-40BA-A828-EC278F6FAEE4}"
EndProject
Global
	GlobalSection(SolutionConfigurationPlatforms) = preSolution
		Debug|Any CPU = Debug|Any CPU
		Release|Any CPU = Release|Any CPU
	EndGlobalSection
	GlobalSection(ProjectConfigurationPlatforms) = postSolution
		{73853A29-60F4-4176-A7FE-A89E51567204}.Debug|Any CPU.ActiveCfg = Debug|Any CPU
		{73853A29-60F4-4176-A7FE-A89E51567204}.Debug|Any CPU.Build.0 = Debug|Any CPU
		{73853A29-60F4-4176-A7FE-A89E51567204}.Release|Any CPU.ActiveCfg = Release|Any CPU
		{73853A29-60F4-4176-A7FE-A89E51567204}.Release|Any CPU.Build.0 = Release|Any CPU
		{F64D3B95-BD48-40BA-A828-EC278F6FAEE4}.Debug|Any CPU.ActiveCfg = Debug|Any CPU
		{F64D3B95-BD48-40BA-A828-EC278F6FAEE4}.Debug|Any CPU.Build.0 = Debug|Any CPU
		{F64D3B95-BD48-40BA-A828-EC278F6FAEE4}.Release|Any CPU.ActiveCfg = Release|Any CPU
		{F64D3B95-BD48-40BA-A828-EC278F6FAEE4}.Release|Any CPU.Build.0 = Release|Any CPU
	EndGlobalSection
	GlobalSection(SolutionProperties) = preSolution
		HideSolutionNode = FALSE
	EndGlobalSection
	GlobalSection(ExtensibilityGlobals) = postSolution
		SolutionGuid = {483F69D0-018F-45CB-BF3C-50A869E8E149}
	EndGlobalSection
EndGlobal
